lockfileVersion: '9.0'

settings:
  autoInstallPeers: true
  excludeLinksFromLockfile: false

importers:

  .:
    dependencies:
      iztro:
        specifier: ^2.5.8
        version: 2.5.8
      lunar-javascript:
        specifier: ^1.7.7
        version: 1.7.7
    devDependencies:
      typescript:
        specifier: ^6.0.3
        version: 6.0.3

packages:

  '@babel/runtime@7.29.7':
    resolution: {integrity: sha512-Nq8OhGWiZIZGV6hLHoyAKLLcJihP/xFeBMGJoUrxTX2psI8dCifzLhZISFb+VWS3wFMRDmCGw5R+dOySCqPLhw==}
    engines: {node: '>=6.9.0'}

  dayjs@1.11.21:
    resolution: {integrity: sha512-98IT+HOahAisibz/yjKbzuOBwYcjJ7BCLPzARyHiyEBmRz4fatF+KPJszEHXsGYjUG234aH/cOjW1wwTbKUZlA==}

  i18next@23.16.8:
    resolution: {integrity: sha512-06r/TitrM88Mg5FdUXAKL96dJMzgqLE5dv3ryBAra4KCwD9mJ4ndOTS95ZuymIGoE+2hzfdaMak2X11/es7ZWg==}

  iztro@2.5.8:
    resolution: {integrity: sha512-kgyyvxdSEvgJxi6zvHpvzGbXZLGXCdhTHYK2Pe/sRdBIQ7RfCArvupmg2ChUMQCSQGomW7XCI0gWwUuKJwPENg==}

  lunar-javascript@1.7.7:
    resolution: {integrity: sha512-u/KYiwPIBo/0bT+WWfU7qO1d+aqeB90Tuy4ErXenr2Gam0QcWeezUvtiOIyXR7HbVnW2I1DKfU0NBvzMZhbVQw==}

  lunar-lite@0.2.8:
    resolution: {integrity: sha512-Y4tba4RaIFI0ikImJhgoEsyqtDE64lJIM3yFwRX01dbmagCDq7rNmpDQFrSFFy4WXeuywdRVFpIBoT1GGCEizw==}

  lunar-typescript@1.8.6:
    resolution: {integrity: sha512-5Eo4T/cnuXfrgO4k5LCpOGHIUOuz5hCF/IfNv0T29WY2shR36Hiz+ecN9WjnUuxUKhql9gbOkPaQoqLFKtPRNA==}

  typescript@6.0.3:
    resolution: {integrity: sha512-y2TvuxSZPDyQakkFRPZHKFm+KKVqIisdg9/CZwm9ftvKXLP8NRWj38/ODjNbr43SsoXqNuAisEf1GdCxqWcdBw==}
    engines: {node: '>=14.17'}
    hasBin: true

snapshots:

  '@babel/runtime@7.29.7': {}

  dayjs@1.11.21: {}

  i18next@23.16.8:
    dependencies:
      '@babel/runtime': 7.29.7

  iztro@2.5.8:
    dependencies:
      dayjs: 1.11.21
      i18next: 23.16.8
      lunar-lite: 0.2.8
      lunar-typescript: 1.8.6

  lunar-javascript@1.7.7: {}

  lunar-lite@0.2.8:
    dependencies:
      lunar-typescript: 1.8.6

  lunar-typescript@1.8.6: {}

  typescript@6.0.3: {}
